
Microsoft Visual Studio Solution File, Format Version 12.00
# Visual Studio 2012
Project("{FAE04EC0-301F-11D3-BF4B-00C04F79EFBC}") = "MyHealthVitals", "MyHealthVitals.csproj", "{D17ECF7B-1861-4247-A354-654063FCEBBB}"
EndProject
Global
	GlobalSection(SolutionConfigurationPlatforms) = preSolution
		Debug|Any CPU = Debug|Any CPU
		Release|Any CPU = Release|Any CPU
	EndGlobalSection
	GlobalSection(ProjectConfigurationPlatforms) = postSolution
		{D17ECF7B-1861-4247-A354-654063FCEBBB}.Debug|Any CPU.ActiveCfg = Debug|Any CPU
		{D17ECF7B-1861-4247-A354-654063FCEBBB}.Debug|Any CPU.Build.0 = Debug|Any CPU
		{D17ECF7B-1861-4247-A354-654063FCEBBB}.Release|Any CPU.ActiveCfg = Release|Any CPU
		{D17ECF7B-1861-4247-A354-654063FCEBBB}.Release|Any CPU.Build.0 = Release|Any CPU
	EndGlobalSection
EndGlobal
